{
  "name": "hexturnwebapi",
  "version": "1.0.0",
  "lockfileVersion": 1,
  "requires": true,
  "dependencies": {
    "uniqid": {
      "version": "5.0.3",
      "resolved": "https://registry.npmjs.org/uniqid/-/uniqid-5.0.3.tgz",
      "integrity": "sha512-R2qx3X/LYWSdGRaluio4dYrPXAJACTqyUjuyXHoJLBUOIfmMcnYOyY2d6Y4clZcIz5lK6ZaI0Zzmm0cPfsIqzQ=="
    },
    "ws": {
      "version": "7.4.6",
      "resolved": "https://registry.npmjs.org/ws/-/ws-7.4.6.tgz",
      "integrity": "sha512-YmhHDO4MzaDLB+M9ym/mDA5z0naX8j7SIlT8f8z+I0VtzsRbekxEutHSme7NPS2qE8StCYQNUnfWdXta/Yu85A=="
    }
  }
}
